
Microsoft Visual Studio Solution File, Format Version 12.00
# Visual Studio Version 17
VisualStudioVersion = 17.0.31903.59
MinimumVisualStudioVersion = 10.0.40219.1
Project("{FAE04EC0-301F-11D3-BF4B-00C04F79EFBC}") = "Parser", "Parser.csproj", "{ADD1E878-311D-4C6C-8E44-E72AC71ADB9C}"
EndProject
Global
	GlobalSection(SolutionConfigurationPlatforms) = preSolution
		Debug|Any CPU = Debug|Any CPU
		Release|Any CPU = Release|Any CPU
	EndGlobalSection
	GlobalSection(SolutionProperties) = preSolution
		HideSolutionNode = FALSE
	EndGlobalSection
	GlobalSection(ProjectConfigurationPlatforms) = postSolution
		{ADD1E878-311D-4C6C-8E44-E72AC71ADB9C}.Debug|Any CPU.ActiveCfg = Debug|Any CPU
		{ADD1E878-311D-4C6C-8E44-E72AC71ADB9C}.Debug|Any CPU.Build.0 = Debug|Any CPU
		{ADD1E878-311D-4C6C-8E44-E72AC71ADB9C}.Release|Any CPU.ActiveCfg = Release|Any CPU
		{ADD1E878-311D-4C6C-8E44-E72AC71ADB9C}.Release|Any CPU.Build.0 = Release|Any CPU
	EndGlobalSection
EndGlobal
